// !$*UTF8*$!
{
	archiveVersion = 1;
	classes = {
	};
	objectVersion = 56;
	objects = {

/* Begin PBXBuildFile section */
		0B91CAEA28D4527A00F5540C /* Realm in Frameworks */ = {isa = PBXBuildFile; productRef = 0B91CAE928D4527A00F5540C /* Realm */; };
		0B91CAEC28D4527A00F5540C /* RealmSwift in Frameworks */ = {isa = PBXBuildFile; productRef = 0B91CAEB28D4527A00F5540C /* RealmSwift */; };
		0B91CAEE28D453BF00F5540C /* CustomAnnotation.swift in Sources */ = {isa = PBXBuildFile; fileRef = 0B91CAED28D453BF00F5540C /* CustomAnnotation.swift */; };
		0BADD74828D35F8D00ABBB35 /* AppDelegate.swift in Sources */ = {isa = PBXBuildFile; fileRef = 0BADD74728D35F8D00ABBB35 /* AppDelegate.swift */; };
		0BADD74A28D35F8D00ABBB35 /* SceneDelegate.swift in Sources */ = {isa = PBXBuildFile; fileRef = 0BADD74928D35F8D00ABBB35 /* SceneDelegate.swift */; };
		0BADD74F28D35F8D00ABBB35 /* Main.storyboard in Resources */ = {isa = PBXBuildFile; fileRef = 0BADD74D28D35F8D00ABBB35 /* Main.storyboard */; };
		0BADD75128D35F8E00ABBB35 /* Assets.xcassets in Resources */ = {isa = PBXBuildFile; fileRef = 0BADD75028D35F8E00ABBB35 /* Assets.xcassets */; };
		0BADD75428D35F8E00ABBB35 /* LaunchScreen.storyboard in Resources */ = {isa = PBXBuildFile; fileRef = 0BADD75228D35F8E00ABBB35 /* LaunchScreen.storyboard */; };
		0BD487CE28DD583A00CB9914 /* TagListViewController.swift in Sources */ = {isa = PBXBuildFile; fileRef = 0BD487CD28DD583A00CB9914 /* TagListViewController.swift */; };
		0BE918B428DDEF570031874A /* Image.swift in Sources */ = {isa = PBXBuildFile; fileRef = 0BE918B328DDEF570031874A /* Image.swift */; };
		0BE918B628DDEFCC0031874A /* HomeViewController.swift in Sources */ = {isa = PBXBuildFile; fileRef = 0BE918B528DDEFCC0031874A /* HomeViewController.swift */; };
		0BE918B828DDF3200031874A /* Tag.swift in Sources */ = {isa = PBXBuildFile; fileRef = 0BE918B728DDF3200031874A /* Tag.swift */; };
		0BE918BA28DE02290031874A /* TagAddViewController.swift in Sources */ = {isa = PBXBuildFile; fileRef = 0BE918B928DE02290031874A /* TagAddViewController.swift */; };
/* End PBXBuildFile section */

/* Begin PBXFileReference section */
		0B91CAED28D453BF00F5540C /* CustomAnnotation.swift */ = {isa = PBXFileReference; lastKnownFileType = sourcecode.swift; path = CustomAnnotation.swift; sourceTree = "<group>"; };
		0BADD74428D35F8D00ABBB35 /* rePlace.app */ = {isa = PBXFileReference; explicitFileType = wrapper.application; includeInIndex = 0; path = rePlace.app; sourceTree = BUILT_PRODUCTS_DIR; };
		0BADD74728D35F8D00ABBB35 /* AppDelegate.swift */ = {isa = PBXFileReference; lastKnownFileType = sourcecode.swift; path = AppDelegate.swift; sourceTree = "<group>"; };
		0BADD74928D35F8D00ABBB35 /* SceneDelegate.swift */ = {isa = PBXFileReference; lastKnownFileType = sourcecode.swift; path = SceneDelegate.swift; sourceTree = "<group>"; };
		0BADD74E28D35F8D00ABBB35 /* Base */ = {isa = PBXFileReference; lastKnownFileType = file.storyboard; name = Base; path = Base.lproj/Main.storyboard; sourceTree = "<group>"; };
		0BADD75028D35F8E00ABBB35 /* Assets.xcassets */ = {isa = PBXFileReference; lastKnownFileType = folder.assetcatalog; path = Assets.xcassets; sourceTree = "<group>"; };
		0BADD75328D35F8E00ABBB35 /* Base */ = {isa = PBXFileReference; lastKnownFileType = file.storyboard; name = Base; path = Base.lproj/LaunchScreen.storyboard; sourceTree = "<group>"; };
		0BADD75528D35F8E00ABBB35 /* Info.plist */ = {isa = PBXFileReference; lastKnownFileType = text.plist.xml; path = Info.plist; sourceTree = "<group>"; };
		0BD487CD28DD583A00CB9914 /* TagListViewController.swift */ = {isa = PBXFileReference; lastKnownFileType = sourcecode.swift; path = TagListViewController.swift; sourceTree = "<group>"; };
		0BE918B328DDEF570031874A /* Image.swift */ = {isa = PBXFileReference; lastKnownFileType = sourcecode.swift; path = Image.swift; sourceTree = "<group>"; };
		0BE918B528DDEFCC0031874A /* HomeViewController.swift */ = {isa = PBXFileReference; lastKnownFileType = sourcecode.swift; path = HomeViewController.swift; sourceTree = "<group>"; };
		0BE918B728DDF3200031874A /* Tag.swift */ = {isa = PBXFileReference; lastKnownFileType = sourcecode.swift; path = Tag.swift; sourceTree = "<group>"; };
		0BE918B928DE02290031874A /* TagAddViewController.swift */ = {isa = PBXFileReference; lastKnownFileType = sourcecode.swift; path = TagAddViewController.swift; sourceTree = "<group>"; };
/* End PBXFileReference section */

/* Begin PBXFrameworksBuildPhase section */
		0BADD74128D35F8D00ABBB35 /* Frameworks */ = {
			isa = PBXFrameworksBuildPhase;
			buildActionMask = 2147483647;
			files = (
				0B91CAEC28D4527A00F5540C /* RealmSwift in Frameworks */,
				0B91CAEA28D4527A00F5540C /* Realm in Frameworks */,
			);
			runOnlyForDeploymentPostprocessing = 0;
		};
/* End PBXFrameworksBuildPhase section */

/* Begin PBXGroup section */
		0BADD73B28D35F8D00ABBB35 = {
			isa = PBXGroup;
			children = (
				0BADD74628D35F8D00ABBB35 /* rePlace */,
				0BADD74528D35F8D00ABBB35 /* Products */,
			);
			sourceTree = "<group>";
		};
		0BADD74528D35F8D00ABBB35 /* Products */ = {
			isa = PBXGroup;
			children = (
				0BADD74428D35F8D00ABBB35 /* rePlace.app */,
			);
			name = Products;
			sourceTree = "<group>";
		};
		0BADD74628D35F8D00ABBB35 /* rePlace */ = {
			isa = PBXGroup;
			children = (
				0BADD74728D35F8D00ABBB35 /* AppDelegate.swift */,
				0BADD74928D35F8D00ABBB35 /* SceneDelegate.swift */,
				0BADD74D28D35F8D00ABBB35 /* Main.storyboard */,
				0BADD75028D35F8E00ABBB35 /* Assets.xcassets */,
				0BADD75228D35F8E00ABBB35 /* LaunchScreen.storyboard */,
				0BADD75528D35F8E00ABBB35 /* Info.plist */,
				0B91CAED28D453BF00F5540C /* CustomAnnotation.swift */,
				0BD487CD28DD583A00CB9914 /* TagListViewController.swift */,
				0BE918B328DDEF570031874A /* Image.swift */,
				0BE918B528DDEFCC0031874A /* HomeViewController.swift */,
				0BE918B728DDF3200031874A /* Tag.swift */,
				0BE918B928DE02290031874A /* TagAddViewController.swift */,
			);
			path = rePlace;
			sourceTree = "<group>";
		};
/* End PBXGroup section */

/* Begin PBXNativeTarget section */
		0BADD74328D35F8D00ABBB35 /* rePlace */ = {
			isa = PBXNativeTarget;
			buildConfigurationList = 0BADD75828D35F8E00ABBB35 /* Build configuration list for PBXNativeTarget "rePlace" */;
			buildPhases = (
				0BADD74028D35F8D00ABBB35 /* Sources */,
				0BADD74128D35F8D00ABBB35 /* Frameworks */,
				0BADD74228D35F8D00ABBB35 /* Resources */,
			);
			buildRules = (
			);
			dependencies = (
			);
			name = rePlace;
			packageProductDependencies = (
				0B91CAE928D4527A00F5540C /* Realm */,
				0B91CAEB28D4527A00F5540C /* RealmSwift */,
			);
			productName = rePlace;
			productReference = 0BADD74428D35F8D00ABBB35 /* rePlace.app */;
			productType = "com.apple.product-type.application";
		};
/* End PBXNativeTarget section */

/* Begin PBXProject section */
		0BADD73C28D35F8D00ABBB35 /* Project object */ = {
			isa = PBXProject;
			attributes = {
				BuildIndependentTargetsInParallel = 1;
				LastSwiftUpdateCheck = 1400;
				LastUpgradeCheck = 1400;
				TargetAttributes = {
					0BADD74328D35F8D00ABBB35 = {
						CreatedOnToolsVersion = 14.0;
					};
				};
			};
			buildConfigurationList = 0BADD73F28D35F8D00ABBB35 /* Build configuration list for PBXProject "rePlace" */;
			compatibilityVersion = "Xcode 14.0";
			developmentRegion = en;
			hasScannedForEncodings = 0;
			knownRegions = (
				en,
				Base,
			);
			mainGroup = 0BADD73B28D35F8D00ABBB35;
			packageReferences = (
				0B91CAE828D4527A00F5540C /* XCRemoteSwiftPackageReference "realm-swift" */,
			);
			productRefGroup = 0BADD74528D35F8D00ABBB35 /* Products */;
			projectDirPath = "";
			projectRoot = "";
			targets = (
				0BADD74328D35F8D00ABBB35 /* rePlace */,
			);
		};
/* End PBXProject section */

/* Begin PBXResourcesBuildPhase section */
		0BADD74228D35F8D00ABBB35 /* Resources */ = {
			isa = PBXResourcesBuildPhase;
			buildActionMask = 2147483647;
			files = (
				0BADD75428D35F8E00ABBB35 /* LaunchScreen.storyboard in Resources */,
				0BADD75128D35F8E00ABBB35 /* Assets.xcassets in Resources */,
				0BADD74F28D35F8D00ABBB35 /* Main.storyboard in Resources */,
			);
			runOnlyForDeploymentPostprocessing = 0;
		};
/* End PBXResourcesBuildPhase section */

/* Begin PBXSourcesBuildPhase section */
		0BADD74028D35F8D00ABBB35 /* Sources */ = {
			isa = PBXSourcesBuildPhase;
			buildActionMask = 2147483647;
			files = (
				0BE918B428DDEF570031874A /* Image.swift in Sources */,
				0BE918BA28DE02290031874A /* TagAddViewController.swift in Sources */,
				0BADD74828D35F8D00ABBB35 /* AppDelegate.swift in Sources */,
				0BADD74A28D35F8D00ABBB35 /* SceneDelegate.swift in Sources */,
				0BE918B828DDF3200031874A /* Tag.swift in Sources */,
				0B91CAEE28D453BF00F5540C /* CustomAnnotation.swift in Sources */,
				0BE918B628DDEFCC0031874A /* HomeViewController.swift in Sources */,
				0BD487CE28DD583A00CB9914 /* TagListViewController.swift in Sources */,
			);
			runOnlyForDeploymentPostprocessing = 0;
		};
/* End PBXSourcesBuildPhase section */

/* Begin PBXVariantGroup section */
		0BADD74D28D35F8D00ABBB35 /* Main.storyboard */ = {
			isa = PBXVariantGroup;
			children = (
				0BADD74E28D35F8D00ABBB35 /* Base */,
			);
			name = Main.storyboard;
			sourceTree = "<group>";
		};
		0BADD75228D35F8E00ABBB35 /* LaunchScreen.storyboard */ = {
			isa = PBXVariantGroup;
			children = (
				0BADD75328D35F8E00ABBB35 /* Base */,
			);
			name = LaunchScreen.storyboard;
			sourceTree = "<group>";
		};
/* End PBXVariantGroup section */

/* Begin XCBuildConfiguration section */
		0BADD75628D35F8E00ABBB35 /* Debug */ = {
			isa = XCBuildConfiguration;
			buildSettings = {
				ALWAYS_SEARCH_USER_PATHS = NO;
				CLANG_ANALYZER_NONNULL = YES;
				CLANG_ANALYZER_NUMBER_OBJECT_CONVERSION = YES_AGGRESSIVE;
				CLANG_CXX_LANGUAGE_STANDARD = "gnu++20";
				CLANG_ENABLE_MODULES = YES;
				CLANG_ENABLE_OBJC_ARC = YES;
				CLANG_ENABLE_OBJC_WEAK = YES;
				CLANG_WARN_BLOCK_CAPTURE_AUTORELEASING = YES;
				CLANG_WARN_BOOL_CONVERSION = YES;
				CLANG_WARN_COMMA = YES;
				CLANG_WARN_CONSTANT_CONVERSION = YES;
				CLANG_WARN_DEPRECATED_OBJC_IMPLEMENTATIONS = YES;
				CLANG_WARN_DIRECT_OBJC_ISA_USAGE = YES_ERROR;
				CLANG_WARN_DOCUMENTATION_COMMENTS = YES;
				CLANG_WARN_EMPTY_BODY = YES;
				CLANG_WARN_ENUM_CONVERSION = YES;
				CLANG_WARN_INFINITE_RECURSION = YES;
				CLANG_WARN_INT_CONVERSION = YES;
				CLANG_WARN_NON_LITERAL_NULL_CONVERSION = YES;
				CLANG_WARN_OBJC_IMPLICIT_RETAIN_SELF = YES;
				CLANG_WARN_OBJC_LITERAL_CONVERSION = YES;
				CLANG_WARN_OBJC_ROOT_CLASS = YES_ERROR;
				CLANG_WARN_QUOTED_INCLUDE_IN_FRAMEWORK_HEADER = YES;
				CLANG_WARN_RANGE_LOOP_ANALYSIS = YES;
				CLANG_WARN_STRICT_PROTOTYPES = YES;
				CLANG_WARN_SUSPICIOUS_MOVE = YES;
				CLANG_WARN_UNGUARDED_AVAILABILITY = YES_AGGRESSIVE;
				CLANG_WARN_UNREACHABLE_CODE = YES;
				CLANG_WARN__DUPLICATE_METHOD_MATCH = YES;
				COPY_PHASE_STRIP = NO;
				DEBUG_INFORMATION_FORMAT = dwarf;
				ENABLE_STRICT_OBJC_MSGSEND = YES;
				ENABLE_TESTABILITY = YES;
				GCC_C_LANGUAGE_STANDARD = gnu11;
				GCC_DYNAMIC_NO_PIC = NO;
				GCC_NO_COMMON_BLOCKS = YES;
				GCC_OPTIMIZATION_LEVEL = 0;
				GCC_PREPROCESSOR_DEFINITIONS = (
					"DEBUG=1",
					"$(inherited)",
				);
				GCC_WARN_64_TO_32_BIT_CONVERSION = YES;
				GCC_WARN_ABOUT_RETURN_TYPE = YES_ERROR;
				GCC_WARN_UNDECLARED_SELECTOR = YES;
				GCC_WARN_UNINITIALIZED_AUTOS = YES_AGGRESSIVE;
				GCC_WARN_UNUSED_FUNCTION = YES;
				GCC_WARN_UNUSED_VARIABLE = YES;
				IPHONEOS_DEPLOYMENT_TARGET = 16.0;
				MTL_ENABLE_DEBUG_INFO = INCLUDE_SOURCE;
				MTL_FAST_MATH = YES;
				ONLY_ACTIVE_ARCH = YES;
				SDKROOT = iphoneos;
				SWIFT_ACTIVE_COMPILATION_CONDITIONS = DEBUG;
				SWIFT_OPTIMIZATION_LEVEL = "-Onone";
			};
			name = Debug;
		};
		0BADD75728D35F8E00ABBB35 /* Release */ = {
			isa = XCBuildConfiguration;
			buildSettings = {
				ALWAYS_SEARCH_USER_PATHS = NO;
				CLANG_ANALYZER_NONNULL = YES;
				CLANG_ANALYZER_NUMBER_OBJECT_CONVERSION = YES_AGGRESSIVE;
				CLANG_CXX_LANGUAGE_STANDARD = "gnu++20";
				CLANG_ENABLE_MODULES = YES;
				CLANG_ENABLE_OBJC_ARC = YES;
				CLANG_ENABLE_OBJC_WEAK = YES;
				CLANG_WARN_BLOCK_CAPTURE_AUTORELEASING = YES;
				CLANG_WARN_BOOL_CONVERSION = YES;
				CLANG_WARN_COMMA = YES;
				CLANG_WARN_CONSTANT_CONVERSION = YES;
				CLANG_WARN_DEPRECATED_OBJC_IMPLEMENTATIONS = YES;
				CLANG_WARN_DIRECT_OBJC_ISA_USAGE = YES_ERROR;
				CLANG_WARN_DOCUMENTATION_COMMENTS = YES;
				CLANG_WARN_EMPTY_BODY = YES;
				CLANG_WARN_ENUM_CONVERSION = YES;
				CLANG_WARN_INFINITE_RECURSION = YES;
				CLANG_WARN_INT_CONVERSION = YES;
				CLANG_WARN_NON_LITERAL_NULL_CONVERSION = YES;
				CLANG_WARN_OBJC_IMPLICIT_RETAIN_SELF = YES;
				CLANG_WARN_OBJC_LITERAL_CONVERSION = YES;
				CLANG_WARN_OBJC_ROOT_CLASS = YES_ERROR;
				CLANG_WARN_QUOTED_INCLUDE_IN_FRAMEWORK_HEADER = YES;
				CLANG_WARN_RANGE_LOOP_ANALYSIS = YES;
				CLANG_WARN_STRICT_PROTOTYPES = YES;
				CLANG_WARN_SUSPICIOUS_MOVE = YES;
				CLANG_WARN_UNGUARDED_AVAILABILITY = YES_AGGRESSIVE;
				CLANG_WARN_UNREACHABLE_CODE = YES;
				CLANG_WARN__DUPLICATE_METHOD_MATCH = YES;
				COPY_PHASE_STRIP = NO;
				DEBUG_INFORMATION_FORMAT = "dwarf-with-dsym";
				ENABLE_NS_ASSERTIONS = NO;
				ENABLE_STRICT_OBJC_MSGSEND = YES;
				GCC_C_LANGUAGE_STANDARD = gnu11;
				GCC_NO_COMMON_BLOCKS = YES;
				GCC_WARN_64_TO_32_BIT_CONVERSION = YES;
				GCC_WARN_ABOUT_RETURN_TYPE = YES_ERROR;
				GCC_WARN_UNDECLARED_SELECTOR = YES;
				GCC_WARN_UNINITIALIZED_AUTOS = YES_AGGRESSIVE;
				GCC_WARN_UNUSED_FUNCTION = YES;
				GCC_WARN_UNUSED_VARIABLE = YES;
				IPHONEOS_DEPLOYMENT_TARGET = 16.0;
				MTL_ENABLE_DEBUG_INFO = NO;
				MTL_FAST_MATH = YES;
				SDKROOT = iphoneos;
				SWIFT_COMPILATION_MODE = wholemodule;
				SWIFT_OPTIMIZATION_LEVEL = "-O";
				VALIDATE_PRODUCT = YES;
			};
			name = Release;
		};
		0BADD75928D35F8E00ABBB35 /* Debug */ = {
			isa = XCBuildConfiguration;
			buildSettings = {
				ASSETCATALOG_COMPILER_APPICON_NAME = AppIcon;
				ASSETCATALOG_COMPILER_GLOBAL_ACCENT_COLOR_NAME = AccentColor;
				CODE_SIGN_STYLE = Automatic;
				CURRENT_PROJECT_VERSION = 1;
				DEVELOPMENT_TEAM = DL2JL3SKFL;
				GENERATE_INFOPLIST_FILE = YES;
				INFOPLIST_FILE = rePlace/Info.plist;
				INFOPLIST_KEY_NSCameraUsageDescription = "アプリ内で編集する写真を撮るためにカメラを起動します";
				INFOPLIST_KEY_NSLocationWhenInUseUsageDescription = "現在地表示に使用します。";
				INFOPLIST_KEY_NSPhotoLibraryAddUsageDescription = "編集した画像をフォトライブラリに保存します";
				INFOPLIST_KEY_NSPhotoLibraryUsageDescription = "アプリ内で編集する画像をフォトライブラリから呼び出します";
				INFOPLIST_KEY_UIApplicationSupportsIndirectInputEvents = YES;
				INFOPLIST_KEY_UILaunchStoryboardName = LaunchScreen;
				INFOPLIST_KEY_UIMainStoryboardFile = Main;
				INFOPLIST_KEY_UISupportedInterfaceOrientations_iPad = "UIInterfaceOrientationPortrait UIInterfaceOrientationPortraitUpsideDown UIInterfaceOrientationLandscapeLeft UIInterfaceOrientationLandscapeRight";
				INFOPLIST_KEY_UISupportedInterfaceOrientations_iPhone = "UIInterfaceOrientationPortrait UIInterfaceOrientationLandscapeLeft UIInterfaceOrientationLandscapeRight";
				LD_RUNPATH_SEARCH_PATHS = (
					"$(inherited)",
					"@executable_path/Frameworks",
				);
				MARKETING_VERSION = 1.0;
				PRODUCT_BUNDLE_IDENTIFIER = app.ishii.kanako.rePlace;
				PRODUCT_NAME = "$(TARGET_NAME)";
				SWIFT_EMIT_LOC_STRINGS = YES;
				SWIFT_VERSION = 5.0;
				TARGETED_DEVICE_FAMILY = "1,2";
			};
			name = Debug;
		};
		0BADD75A28D35F8E00ABBB35 /* Release */ = {
			isa = XCBuildConfiguration;
			buildSettings = {
				ASSETCATALOG_COMPILER_APPICON_NAME = AppIcon;
				ASSETCATALOG_COMPILER_GLOBAL_ACCENT_COLOR_NAME = AccentColor;
				CODE_SIGN_STYLE = Automatic;
				CURRENT_PROJECT_VERSION = 1;
				DEVELOPMENT_TEAM = DL2JL3SKFL;
				GENERATE_INFOPLIST_FILE = YES;
				INFOPLIST_FILE = rePlace/Info.plist;
				INFOPLIST_KEY_NSCameraUsageDescription = "アプリ内で編集する写真を撮るためにカメラを起動します";
				INFOPLIST_KEY_NSLocationWhenInUseUsageDescription = "現在地表示に使用します。";
				INFOPLIST_KEY_NSPhotoLibraryAddUsageDescription = "編集した画像をフォトライブラリに保存します";
				INFOPLIST_KEY_NSPhotoLibraryUsageDescription = "アプリ内で編集する画像をフォトライブラリから呼び出します";
				INFOPLIST_KEY_UIApplicationSupportsIndirectInputEvents = YES;
				INFOPLIST_KEY_UILaunchStoryboardName = LaunchScreen;
				INFOPLIST_KEY_UIMainStoryboardFile = Main;
				INFOPLIST_KEY_UISupportedInterfaceOrientations_iPad = "UIInterfaceOrientationPortrait UIInterfaceOrientationPortraitUpsideDown UIInterfaceOrientationLandscapeLeft UIInterfaceOrientationLandscapeRight";
				INFOPLIST_KEY_UISupportedInterfaceOrientations_iPhone = "UIInterfaceOrientationPortrait UIInterfaceOrientationLandscapeLeft UIInterfaceOrientationLandscapeRight";
				LD_RUNPATH_SEARCH_PATHS = (
					"$(inherited)",
					"@executable_path/Frameworks",
				);
				MARKETING_VERSION = 1.0;
				PRODUCT_BUNDLE_IDENTIFIER = app.ishii.kanako.rePlace;
				PRODUCT_NAME = "$(TARGET_NAME)";
				SWIFT_EMIT_LOC_STRINGS = YES;
				SWIFT_VERSION = 5.0;
				TARGETED_DEVICE_FAMILY = "1,2";
			};
			name = Release;
		};
/* End XCBuildConfiguration section */

/* Begin XCConfigurationList section */
		0BADD73F28D35F8D00ABBB35 /* Build configuration list for PBXProject "rePlace" */ = {
			isa = XCConfigurationList;
			buildConfigurations = (
				0BADD75628D35F8E00ABBB35 /* Debug */,
				0BADD75728D35F8E00ABBB35 /* Release */,
			);
			defaultConfigurationIsVisible = 0;
			defaultConfigurationName = Release;
		};
		0BADD75828D35F8E00ABBB35 /* Build configuration list for PBXNativeTarget "rePlace" */ = {
			isa = XCConfigurationList;
			buildConfigurations = (
				0BADD75928D35F8E00ABBB35 /* Debug */,
				0BADD75A28D35F8E00ABBB35 /* Release */,
			);
			defaultConfigurationIsVisible = 0;
			defaultConfigurationName = Release;
		};
/* End XCConfigurationList section */

/* Begin XCRemoteSwiftPackageReference section */
		0B91CAE828D4527A00F5540C /* XCRemoteSwiftPackageReference "realm-swift" */ = {
			isa = XCRemoteSwiftPackageReference;
			repositoryURL = "https://github.com/realm/realm-swift";
			requirement = {
				kind = upToNextMajorVersion;
				minimumVersion = 5.0.0;
			};
		};
/* End XCRemoteSwiftPackageReference section */

/* Begin XCSwiftPackageProductDependency section */
		0B91CAE928D4527A00F5540C /* Realm */ = {
			isa = XCSwiftPackageProductDependency;
			package = 0B91CAE828D4527A00F5540C /* XCRemoteSwiftPackageReference "realm-swift" */;
			productName = Realm;
		};
		0B91CAEB28D4527A00F5540C /* RealmSwift */ = {
			isa = XCSwiftPackageProductDependency;
			package = 0B91CAE828D4527A00F5540C /* XCRemoteSwiftPackageReference "realm-swift" */;
			productName = RealmSwift;
		};
/* End XCSwiftPackageProductDependency section */
	};
	rootObject = 0BADD73C28D35F8D00ABBB35 /* Project object */;
}
